
Microsoft Visual Studio Solution File, Format Version 12.00
# Visual Studio Version 16
VisualStudioVersion = 16.0.29519.87
MinimumVisualStudioVersion = 10.0.40219.1
Project("{FAE04EC0-301F-11D3-BF4B-00C04F79EFBC}") = "22-ClasseAstratta", "22-ClasseAstratta\22-ClasseAstratta.csproj", "{D137211C-93D3-43C5-9B51-796F2773801E}"
EndProject
Global
	GlobalSection(SolutionConfigurationPlatforms) = preSolution
		Debug|Any CPU = Debug|Any CPU
		Release|Any CPU = Release|Any CPU
	EndGlobalSection
	GlobalSection(ProjectConfigurationPlatforms) = postSolution
		{D137211C-93D3-43C5-9B51-796F2773801E}.Debug|Any CPU.ActiveCfg = Debug|Any CPU
		{D137211C-93D3-43C5-9B51-796F2773801E}.Debug|Any CPU.Build.0 = Debug|Any CPU
		{D137211C-93D3-43C5-9B51-796F2773801E}.Release|Any CPU.ActiveCfg = Release|Any CPU
		{D137211C-93D3-43C5-9B51-796F2773801E}.Release|Any CPU.Build.0 = Release|Any CPU
	EndGlobalSection
	GlobalSection(SolutionProperties) = preSolution
		HideSolutionNode = FALSE
	EndGlobalSection
	GlobalSection(ExtensibilityGlobals) = postSolution
		SolutionGuid = {320B19A4-07C9-49C8-AA3B-2FCFD864A04D}
	EndGlobalSection
EndGlobal
