
Microsoft Visual Studio Solution File, Format Version 12.00
# Visual Studio Version 16
VisualStudioVersion = 16.0.29519.87
MinimumVisualStudioVersion = 10.0.40219.1
Project("{FAE04EC0-301F-11D3-BF4B-00C04F79EFBC}") = "19- OOP-PersoneStudenti", "19- OOP-PersoneStudenti\19- OOP-PersoneStudenti.csproj", "{5B059EAA-E68E-4695-AD0F-1F61C0790808}"
EndProject
Global
	GlobalSection(SolutionConfigurationPlatforms) = preSolution
		Debug|Any CPU = Debug|Any CPU
		Release|Any CPU = Release|Any CPU
	EndGlobalSection
	GlobalSection(ProjectConfigurationPlatforms) = postSolution
		{5B059EAA-E68E-4695-AD0F-1F61C0790808}.Debug|Any CPU.ActiveCfg = Debug|Any CPU
		{5B059EAA-E68E-4695-AD0F-1F61C0790808}.Debug|Any CPU.Build.0 = Debug|Any CPU
		{5B059EAA-E68E-4695-AD0F-1F61C0790808}.Release|Any CPU.ActiveCfg = Release|Any CPU
		{5B059EAA-E68E-4695-AD0F-1F61C0790808}.Release|Any CPU.Build.0 = Release|Any CPU
	EndGlobalSection
	GlobalSection(SolutionProperties) = preSolution
		HideSolutionNode = FALSE
	EndGlobalSection
	GlobalSection(ExtensibilityGlobals) = postSolution
		SolutionGuid = {12BE89D8-F415-49A6-8DB6-A598ABB48AFB}
	EndGlobalSection
EndGlobal
