
Microsoft Visual Studio Solution File, Format Version 12.00
# Visual Studio Version 16
VisualStudioVersion = 16.0.29519.87
MinimumVisualStudioVersion = 10.0.40219.1
Project("{FAE04EC0-301F-11D3-BF4B-00C04F79EFBC}") = "17-EreditarietàEsGuidato02", "17-EreditarietàEsGuidato02\17-EreditarietàEsGuidato02.csproj", "{DC77A8B2-DC83-4BA8-8DD9-CB811608A174}"
EndProject
Global
	GlobalSection(SolutionConfigurationPlatforms) = preSolution
		Debug|Any CPU = Debug|Any CPU
		Release|Any CPU = Release|Any CPU
	EndGlobalSection
	GlobalSection(ProjectConfigurationPlatforms) = postSolution
		{DC77A8B2-DC83-4BA8-8DD9-CB811608A174}.Debug|Any CPU.ActiveCfg = Debug|Any CPU
		{DC77A8B2-DC83-4BA8-8DD9-CB811608A174}.Debug|Any CPU.Build.0 = Debug|Any CPU
		{DC77A8B2-DC83-4BA8-8DD9-CB811608A174}.Release|Any CPU.ActiveCfg = Release|Any CPU
		{DC77A8B2-DC83-4BA8-8DD9-CB811608A174}.Release|Any CPU.Build.0 = Release|Any CPU
	EndGlobalSection
	GlobalSection(SolutionProperties) = preSolution
		HideSolutionNode = FALSE
	EndGlobalSection
	GlobalSection(ExtensibilityGlobals) = postSolution
		SolutionGuid = {C3FA6E13-4CD5-49AC-A4DB-C9BA460B2EBC}
	EndGlobalSection
EndGlobal
