
Microsoft Visual Studio Solution File, Format Version 12.00
# Visual Studio Version 16
VisualStudioVersion = 16.0.29519.87
MinimumVisualStudioVersion = 10.0.40219.1
Project("{FAE04EC0-301F-11D3-BF4B-00C04F79EFBC}") = "11-Lista", "11-Lista\11-Lista.csproj", "{80DBD1DA-B3E1-4BA8-9E33-5396C8F6C271}"
EndProject
Global
	GlobalSection(SolutionConfigurationPlatforms) = preSolution
		Debug|Any CPU = Debug|Any CPU
		Release|Any CPU = Release|Any CPU
	EndGlobalSection
	GlobalSection(ProjectConfigurationPlatforms) = postSolution
		{80DBD1DA-B3E1-4BA8-9E33-5396C8F6C271}.Debug|Any CPU.ActiveCfg = Debug|Any CPU
		{80DBD1DA-B3E1-4BA8-9E33-5396C8F6C271}.Debug|Any CPU.Build.0 = Debug|Any CPU
		{80DBD1DA-B3E1-4BA8-9E33-5396C8F6C271}.Release|Any CPU.ActiveCfg = Release|Any CPU
		{80DBD1DA-B3E1-4BA8-9E33-5396C8F6C271}.Release|Any CPU.Build.0 = Release|Any CPU
	EndGlobalSection
	GlobalSection(SolutionProperties) = preSolution
		HideSolutionNode = FALSE
	EndGlobalSection
	GlobalSection(ExtensibilityGlobals) = postSolution
		SolutionGuid = {0DEB1CE8-4F6B-4C71-AA4A-3047FF96EC95}
	EndGlobalSection
EndGlobal
